
Microsoft Visual Studio Solution File, Format Version 12.00
# Visual Studio 2013
VisualStudioVersion = 12.0.30110.0
MinimumVisualStudioVersion = 10.0.40219.1
Project("{FAE04EC0-301F-11D3-BF4B-00C04F79EFBC}") = "AADLab.MVC", "AADLab.MVC\AADLab.MVC.csproj", "{86860E5E-569F-49A1-A8EF-6B8C2DC4AD4B}"
EndProject
Project("{FAE04EC0-301F-11D3-BF4B-00C04F79EFBC}") = "AADLab.WebAPI", "AADLab.WebAPI\AADLab.WebAPI.csproj", "{6EAE648C-E110-4895-81BA-726A2B498D17}"
EndProject
Project("{F2A71F9B-5D33-465A-A702-920D77279786}") = "AADLab.Common", "AADLab.Common\AADLab.Common.fsproj", "{50285E5D-22C7-45C3-8953-C5BCB8D718AE}"
EndProject
Global
	GlobalSection(SolutionConfigurationPlatforms) = preSolution
		Debug|Any CPU = Debug|Any CPU
		Release|Any CPU = Release|Any CPU
	EndGlobalSection
	GlobalSection(ProjectConfigurationPlatforms) = postSolution
		{86860E5E-569F-49A1-A8EF-6B8C2DC4AD4B}.Debug|Any CPU.ActiveCfg = Debug|Any CPU
		{86860E5E-569F-49A1-A8EF-6B8C2DC4AD4B}.Debug|Any CPU.Build.0 = Debug|Any CPU
		{86860E5E-569F-49A1-A8EF-6B8C2DC4AD4B}.Release|Any CPU.ActiveCfg = Release|Any CPU
		{86860E5E-569F-49A1-A8EF-6B8C2DC4AD4B}.Release|Any CPU.Build.0 = Release|Any CPU
		{6EAE648C-E110-4895-81BA-726A2B498D17}.Debug|Any CPU.ActiveCfg = Debug|Any CPU
		{6EAE648C-E110-4895-81BA-726A2B498D17}.Debug|Any CPU.Build.0 = Debug|Any CPU
		{6EAE648C-E110-4895-81BA-726A2B498D17}.Release|Any CPU.ActiveCfg = Release|Any CPU
		{6EAE648C-E110-4895-81BA-726A2B498D17}.Release|Any CPU.Build.0 = Release|Any CPU
		{50285E5D-22C7-45C3-8953-C5BCB8D718AE}.Debug|Any CPU.ActiveCfg = Debug|Any CPU
		{50285E5D-22C7-45C3-8953-C5BCB8D718AE}.Debug|Any CPU.Build.0 = Debug|Any CPU
		{50285E5D-22C7-45C3-8953-C5BCB8D718AE}.Release|Any CPU.ActiveCfg = Release|Any CPU
		{50285E5D-22C7-45C3-8953-C5BCB8D718AE}.Release|Any CPU.Build.0 = Release|Any CPU
	EndGlobalSection
	GlobalSection(SolutionProperties) = preSolution
		HideSolutionNode = FALSE
	EndGlobalSection
EndGlobal
